
Microsoft Visual Studio Solution File, Format Version 12.00
# Visual Studio 15
VisualStudioVersion = 15.0.28010.2003
MinimumVisualStudioVersion = 10.0.40219.1
Project("{9A19103F-16F7-4668-BE54-9A1E7A4F7556}") = "AnyDiff", "AnyDiff\AnyDiff.csproj", "{8F7B34FE-A8DB-43EE-98F2-0AB7474807E7}"
EndProject
Project("{9A19103F-16F7-4668-BE54-9A1E7A4F7556}") = "AnyDiff.Tests", "AnyDiff.Tests\AnyDiff.Tests.csproj", "{5FAF1EAA-28EC-4EB3-A955-46B07DC65DFB}"
EndProject
Global
	GlobalSection(SolutionConfigurationPlatforms) = preSolution
		Debug|Any CPU = Debug|Any CPU
		Release|Any CPU = Release|Any CPU
	EndGlobalSection
	GlobalSection(ProjectConfigurationPlatforms) = postSolution
		{8F7B34FE-A8DB-43EE-98F2-0AB7474807E7}.Debug|Any CPU.ActiveCfg = Debug|Any CPU
		{8F7B34FE-A8DB-43EE-98F2-0AB7474807E7}.Debug|Any CPU.Build.0 = Debug|Any CPU
		{8F7B34FE-A8DB-43EE-98F2-0AB7474807E7}.Release|Any CPU.ActiveCfg = Release|Any CPU
		{8F7B34FE-A8DB-43EE-98F2-0AB7474807E7}.Release|Any CPU.Build.0 = Release|Any CPU
		{5FAF1EAA-28EC-4EB3-A955-46B07DC65DFB}.Debug|Any CPU.ActiveCfg = Debug|Any CPU
		{5FAF1EAA-28EC-4EB3-A955-46B07DC65DFB}.Debug|Any CPU.Build.0 = Debug|Any CPU
		{5FAF1EAA-28EC-4EB3-A955-46B07DC65DFB}.Release|Any CPU.ActiveCfg = Release|Any CPU
		{5FAF1EAA-28EC-4EB3-A955-46B07DC65DFB}.Release|Any CPU.Build.0 = Release|Any CPU
	EndGlobalSection
	GlobalSection(SolutionProperties) = preSolution
		HideSolutionNode = FALSE
	EndGlobalSection
	GlobalSection(ExtensibilityGlobals) = postSolution
		SolutionGuid = {6C3C531D-283E-4BD1-A075-17A30B2DD4A5}
	EndGlobalSection
EndGlobal
